
Microsoft Visual Studio Solution File, Format Version 12.00
# Visual Studio Version 16
VisualStudioVersion = 16.0.29709.97
MinimumVisualStudioVersion = 10.0.40219.1
Project("{FAE04EC0-301F-11D3-BF4B-00C04F79EFBC}") = "tasklist_api", ".\tasklist_api\tasklist_api.csproj", "{ECDFCC78-A73B-4B06-8B54-AD48B6B846C2}"
EndProject
Project("{FAE04EC0-301F-11D3-BF4B-00C04F79EFBC}") = "tasklist_api_tests", ".\tasklist_api_tests\tasklist_api_tests.csproj", "{A35CE8E4-6CB4-407B-9EE3-3D095C6E8737}"
EndProject
Global
	GlobalSection(SolutionConfigurationPlatforms) = preSolution
		Debug|Any CPU = Debug|Any CPU
		Release|Any CPU = Release|Any CPU
	EndGlobalSection
	GlobalSection(ProjectConfigurationPlatforms) = postSolution
		{ECDFCC78-A73B-4B06-8B54-AD48B6B846C2}.Debug|Any CPU.ActiveCfg = Debug|Any CPU
		{ECDFCC78-A73B-4B06-8B54-AD48B6B846C2}.Debug|Any CPU.Build.0 = Debug|Any CPU
		{ECDFCC78-A73B-4B06-8B54-AD48B6B846C2}.Release|Any CPU.ActiveCfg = Release|Any CPU
		{ECDFCC78-A73B-4B06-8B54-AD48B6B846C2}.Release|Any CPU.Build.0 = Release|Any CPU
		{A35CE8E4-6CB4-407B-9EE3-3D095C6E8737}.Debug|Any CPU.ActiveCfg = Debug|Any CPU
		{A35CE8E4-6CB4-407B-9EE3-3D095C6E8737}.Debug|Any CPU.Build.0 = Debug|Any CPU
		{A35CE8E4-6CB4-407B-9EE3-3D095C6E8737}.Release|Any CPU.ActiveCfg = Release|Any CPU
		{A35CE8E4-6CB4-407B-9EE3-3D095C6E8737}.Release|Any CPU.Build.0 = Release|Any CPU
	EndGlobalSection
	GlobalSection(SolutionProperties) = preSolution
		HideSolutionNode = FALSE
	EndGlobalSection
	GlobalSection(ExtensibilityGlobals) = postSolution
		SolutionGuid = {B0B060F3-3E89-4F7A-861A-818A210F51BA}
	EndGlobalSection
EndGlobal
